// !$*UTF8*$!
{
	archiveVersion = 1;
	classes = {
	};
	objectVersion = 48;
	objects = {

/* Begin PBXBuildFile section */
		E9D7BF392047F1C700C9A766 /* AppDelegate.m in Sources */ = {isa = PBXBuildFile; fileRef = E9D7BF382047F1C700C9A766 /* AppDelegate.m */; };
		E9D7BF3C2047F1C700C9A766 /* ViewController.m in Sources */ = {isa = PBXBuildFile; fileRef = E9D7BF3B2047F1C700C9A766 /* ViewController.m */; };
		E9D7BF3F2047F1C700C9A766 /* Main.storyboard in Resources */ = {isa = PBXBuildFile; fileRef = E9D7BF3D2047F1C700C9A766 /* Main.storyboard */; };
		E9D7BF412047F1C700C9A766 /* Assets.xcassets in Resources */ = {isa = PBXBuildFile; fileRef = E9D7BF402047F1C700C9A766 /* Assets.xcassets */; };
		E9D7BF442047F1C700C9A766 /* LaunchScreen.storyboard in Resources */ = {isa = PBXBuildFile; fileRef = E9D7BF422047F1C700C9A766 /* LaunchScreen.storyboard */; };
		E9D7BF472047F1C700C9A766 /* main.m in Sources */ = {isa = PBXBuildFile; fileRef = E9D7BF462047F1C700C9A766 /* main.m */; };
		E9D7BF502047F22000C9A766 /* DDCodeSplitInputView.m in Sources */ = {isa = PBXBuildFile; fileRef = E9D7BF4F2047F22000C9A766 /* DDCodeSplitInputView.m */; };
/* End PBXBuildFile section */

/* Begin PBXFileReference section */
		E9D7BF342047F1C700C9A766 /* DDCodeSplitInputView-Demo.app */ = {isa = PBXFileReference; explicitFileType = wrapper.application; includeInIndex = 0; path = "DDCodeSplitInputView-Demo.app"; sourceTree = BUILT_PRODUCTS_DIR; };
		E9D7BF372047F1C700C9A766 /* AppDelegate.h */ = {isa = PBXFileReference; lastKnownFileType = sourcecode.c.h; path = AppDelegate.h; sourceTree = "<group>"; };
		E9D7BF382047F1C700C9A766 /* AppDelegate.m */ = {isa = PBXFileReference; lastKnownFileType = sourcecode.c.objc; path = AppDelegate.m; sourceTree = "<group>"; };
		E9D7BF3A2047F1C700C9A766 /* ViewController.h */ = {isa = PBXFileReference; lastKnownFileType = sourcecode.c.h; path = ViewController.h; sourceTree = "<group>"; };
		E9D7BF3B2047F1C700C9A766 /* ViewController.m */ = {isa = PBXFileReference; lastKnownFileType = sourcecode.c.objc; path = ViewController.m; sourceTree = "<group>"; };
		E9D7BF3E2047F1C700C9A766 /* Base */ = {isa = PBXFileReference; lastKnownFileType = file.storyboard; name = Base; path = Base.lproj/Main.storyboard; sourceTree = "<group>"; };
		E9D7BF402047F1C700C9A766 /* Assets.xcassets */ = {isa = PBXFileReference; lastKnownFileType = folder.assetcatalog; path = Assets.xcassets; sourceTree = "<group>"; };
		E9D7BF432047F1C700C9A766 /* Base */ = {isa = PBXFileReference; lastKnownFileType = file.storyboard; name = Base; path = Base.lproj/LaunchScreen.storyboard; sourceTree = "<group>"; };
		E9D7BF452047F1C700C9A766 /* Info.plist */ = {isa = PBXFileReference; lastKnownFileType = text.plist.xml; path = Info.plist; sourceTree = "<group>"; };
		E9D7BF462047F1C700C9A766 /* main.m */ = {isa = PBXFileReference; lastKnownFileType = sourcecode.c.objc; path = main.m; sourceTree = "<group>"; };
		E9D7BF4E2047F22000C9A766 /* DDCodeSplitInputView.h */ = {isa = PBXFileReference; fileEncoding = 4; lastKnownFileType = sourcecode.c.h; path = DDCodeSplitInputView.h; sourceTree = "<group>"; };
		E9D7BF4F2047F22000C9A766 /* DDCodeSplitInputView.m */ = {isa = PBXFileReference; fileEncoding = 4; lastKnownFileType = sourcecode.c.objc; path = DDCodeSplitInputView.m; sourceTree = "<group>"; };
/* End PBXFileReference section */

/* Begin PBXFrameworksBuildPhase section */
		E9D7BF312047F1C700C9A766 /* Frameworks */ = {
			isa = PBXFrameworksBuildPhase;
			buildActionMask = 2147483647;
			files = (
			);
			runOnlyForDeploymentPostprocessing = 0;
		};
/* End PBXFrameworksBuildPhase section */

/* Begin PBXGroup section */
		E9D7BF2B2047F1C700C9A766 = {
			isa = PBXGroup;
			children = (
				E9D7BF362047F1C700C9A766 /* DDCodeSplitInputView-Demo */,
				E9D7BF352047F1C700C9A766 /* Products */,
			);
			sourceTree = "<group>";
		};
		E9D7BF352047F1C700C9A766 /* Products */ = {
			isa = PBXGroup;
			children = (
				E9D7BF342047F1C700C9A766 /* DDCodeSplitInputView-Demo.app */,
			);
			name = Products;
			sourceTree = "<group>";
		};
		E9D7BF362047F1C700C9A766 /* DDCodeSplitInputView-Demo */ = {
			isa = PBXGroup;
			children = (
				E9D7BF4D2047F22000C9A766 /* DDCodeSplitInputView */,
				E9D7BF372047F1C700C9A766 /* AppDelegate.h */,
				E9D7BF382047F1C700C9A766 /* AppDelegate.m */,
				E9D7BF3A2047F1C700C9A766 /* ViewController.h */,
				E9D7BF3B2047F1C700C9A766 /* ViewController.m */,
				E9D7BF3D2047F1C700C9A766 /* Main.storyboard */,
				E9D7BF402047F1C700C9A766 /* Assets.xcassets */,
				E9D7BF422047F1C700C9A766 /* LaunchScreen.storyboard */,
				E9D7BF452047F1C700C9A766 /* Info.plist */,
				E9D7BF462047F1C700C9A766 /* main.m */,
			);
			path = "DDCodeSplitInputView-Demo";
			sourceTree = "<group>";
		};
		E9D7BF4D2047F22000C9A766 /* DDCodeSplitInputView */ = {
			isa = PBXGroup;
			children = (
				E9D7BF4E2047F22000C9A766 /* DDCodeSplitInputView.h */,
				E9D7BF4F2047F22000C9A766 /* DDCodeSplitInputView.m */,
			);
			path = DDCodeSplitInputView;
			sourceTree = "<group>";
		};
/* End PBXGroup section */

/* Begin PBXNativeTarget section */
		E9D7BF332047F1C700C9A766 /* DDCodeSplitInputView-Demo */ = {
			isa = PBXNativeTarget;
			buildConfigurationList = E9D7BF4A2047F1C700C9A766 /* Build configuration list for PBXNativeTarget "DDCodeSplitInputView-Demo" */;
			buildPhases = (
				E9D7BF302047F1C700C9A766 /* Sources */,
				E9D7BF312047F1C700C9A766 /* Frameworks */,
				E9D7BF322047F1C700C9A766 /* Resources */,
			);
			buildRules = (
			);
			dependencies = (
			);
			name = "DDCodeSplitInputView-Demo";
			productName = "DDCodeSplitInputView-Demo";
			productReference = E9D7BF342047F1C700C9A766 /* DDCodeSplitInputView-Demo.app */;
			productType = "com.apple.product-type.application";
		};
/* End PBXNativeTarget section */

/* Begin PBXProject section */
		E9D7BF2C2047F1C700C9A766 /* Project object */ = {
			isa = PBXProject;
			attributes = {
				LastUpgradeCheck = 0920;
				ORGANIZATIONNAME = Poseidon;
				TargetAttributes = {
					E9D7BF332047F1C700C9A766 = {
						CreatedOnToolsVersion = 9.2;
						ProvisioningStyle = Manual;
					};
				};
			};
			buildConfigurationList = E9D7BF2F2047F1C700C9A766 /* Build configuration list for PBXProject "DDCodeSplitInputView-Demo" */;
			compatibilityVersion = "Xcode 8.0";
			developmentRegion = en;
			hasScannedForEncodings = 0;
			knownRegions = (
				en,
				Base,
			);
			mainGroup = E9D7BF2B2047F1C700C9A766;
			productRefGroup = E9D7BF352047F1C700C9A766 /* Products */;
			projectDirPath = "";
			projectRoot = "";
			targets = (
				E9D7BF332047F1C700C9A766 /* DDCodeSplitInputView-Demo */,
			);
		};
/* End PBXProject section */

/* Begin PBXResourcesBuildPhase section */
		E9D7BF322047F1C700C9A766 /* Resources */ = {
			isa = PBXResourcesBuildPhase;
			buildActionMask = 2147483647;
			files = (
				E9D7BF442047F1C700C9A766 /* LaunchScreen.storyboard in Resources */,
				E9D7BF412047F1C700C9A766 /* Assets.xcassets in Resources */,
				E9D7BF3F2047F1C700C9A766 /* Main.storyboard in Resources */,
			);
			runOnlyForDeploymentPostprocessing = 0;
		};
/* End PBXResourcesBuildPhase section */

/* Begin PBXSourcesBuildPhase section */
		E9D7BF302047F1C700C9A766 /* Sources */ = {
			isa = PBXSourcesBuildPhase;
			buildActionMask = 2147483647;
			files = (
				E9D7BF3C2047F1C700C9A766 /* ViewController.m in Sources */,
				E9D7BF472047F1C700C9A766 /* main.m in Sources */,
				E9D7BF392047F1C700C9A766 /* AppDelegate.m in Sources */,
				E9D7BF502047F22000C9A766 /* DDCodeSplitInputView.m in Sources */,
			);
			runOnlyForDeploymentPostprocessing = 0;
		};
/* End PBXSourcesBuildPhase section */

/* Begin PBXVariantGroup section */
		E9D7BF3D2047F1C700C9A766 /* Main.storyboard */ = {
			isa = PBXVariantGroup;
			children = (
				E9D7BF3E2047F1C700C9A766 /* Base */,
			);
			name = Main.storyboard;
			sourceTree = "<group>";
		};
		E9D7BF422047F1C700C9A766 /* LaunchScreen.storyboard */ = {
			isa = PBXVariantGroup;
			children = (
				E9D7BF432047F1C700C9A766 /* Base */,
			);
			name = LaunchScreen.storyboard;
			sourceTree = "<group>";
		};
/* End PBXVariantGroup section */

/* Begin XCBuildConfiguration section */
		E9D7BF482047F1C700C9A766 /* Debug */ = {
			isa = XCBuildConfiguration;
			buildSettings = {
				ALWAYS_SEARCH_USER_PATHS = NO;
				CLANG_ANALYZER_NONNULL = YES;
				CLANG_ANALYZER_NUMBER_OBJECT_CONVERSION = YES_AGGRESSIVE;
				CLANG_CXX_LANGUAGE_STANDARD = "gnu++14";
				CLANG_CXX_LIBRARY = "libc++";
				CLANG_ENABLE_MODULES = YES;
				CLANG_ENABLE_OBJC_ARC = YES;
				CLANG_WARN_BLOCK_CAPTURE_AUTORELEASING = YES;
				CLANG_WARN_BOOL_CONVERSION = YES;
				CLANG_WARN_COMMA = YES;
				CLANG_WARN_CONSTANT_CONVERSION = YES;
				CLANG_WARN_DIRECT_OBJC_ISA_USAGE = YES_ERROR;
				CLANG_WARN_DOCUMENTATION_COMMENTS = YES;
				CLANG_WARN_EMPTY_BODY = YES;
				CLANG_WARN_ENUM_CONVERSION = YES;
				CLANG_WARN_INFINITE_RECURSION = YES;
				CLANG_WARN_INT_CONVERSION = YES;
				CLANG_WARN_NON_LITERAL_NULL_CONVERSION = YES;
				CLANG_WARN_OBJC_LITERAL_CONVERSION = YES;
				CLANG_WARN_OBJC_ROOT_CLASS = YES_ERROR;
				CLANG_WARN_RANGE_LOOP_ANALYSIS = YES;
				CLANG_WARN_STRICT_PROTOTYPES = YES;
				CLANG_WARN_SUSPICIOUS_MOVE = YES;
				CLANG_WARN_UNGUARDED_AVAILABILITY = YES_AGGRESSIVE;
				CLANG_WARN_UNREACHABLE_CODE = YES;
				CLANG_WARN__DUPLICATE_METHOD_MATCH = YES;
				CODE_SIGN_IDENTITY = "iPhone Developer";
				COPY_PHASE_STRIP = NO;
				DEBUG_INFORMATION_FORMAT = dwarf;
				ENABLE_STRICT_OBJC_MSGSEND = YES;
				ENABLE_TESTABILITY = YES;
				GCC_C_LANGUAGE_STANDARD = gnu11;
				GCC_DYNAMIC_NO_PIC = NO;
				GCC_NO_COMMON_BLOCKS = YES;
				GCC_OPTIMIZATION_LEVEL = 0;
				GCC_PREPROCESSOR_DEFINITIONS = (
					"DEBUG=1",
					"$(inherited)",
				);
				GCC_WARN_64_TO_32_BIT_CONVERSION = YES;
				GCC_WARN_ABOUT_RETURN_TYPE = YES_ERROR;
				GCC_WARN_UNDECLARED_SELECTOR = YES;
				GCC_WARN_UNINITIALIZED_AUTOS = YES_AGGRESSIVE;
				GCC_WARN_UNUSED_FUNCTION = YES;
				GCC_WARN_UNUSED_VARIABLE = YES;
				IPHONEOS_DEPLOYMENT_TARGET = 11.2;
				MTL_ENABLE_DEBUG_INFO = YES;
				ONLY_ACTIVE_ARCH = YES;
				SDKROOT = iphoneos;
			};
			name = Debug;
		};
		E9D7BF492047F1C700C9A766 /* Release */ = {
			isa = XCBuildConfiguration;
			buildSettings = {
				ALWAYS_SEARCH_USER_PATHS = NO;
				CLANG_ANALYZER_NONNULL = YES;
				CLANG_ANALYZER_NUMBER_OBJECT_CONVERSION = YES_AGGRESSIVE;
				CLANG_CXX_LANGUAGE_STANDARD = "gnu++14";
				CLANG_CXX_LIBRARY = "libc++";
				CLANG_ENABLE_MODULES = YES;
				CLANG_ENABLE_OBJC_ARC = YES;
				CLANG_WARN_BLOCK_CAPTURE_AUTORELEASING = YES;
				CLANG_WARN_BOOL_CONVERSION = YES;
				CLANG_WARN_COMMA = YES;
				CLANG_WARN_CONSTANT_CONVERSION = YES;
				CLANG_WARN_DIRECT_OBJC_ISA_USAGE = YES_ERROR;
				CLANG_WARN_DOCUMENTATION_COMMENTS = YES;
				CLANG_WARN_EMPTY_BODY = YES;
				CLANG_WARN_ENUM_CONVERSION = YES;
				CLANG_WARN_INFINITE_RECURSION = YES;
				CLANG_WARN_INT_CONVERSION = YES;
				CLANG_WARN_NON_LITERAL_NULL_CONVERSION = YES;
				CLANG_WARN_OBJC_LITERAL_CONVERSION = YES;
				CLANG_WARN_OBJC_ROOT_CLASS = YES_ERROR;
				CLANG_WARN_RANGE_LOOP_ANALYSIS = YES;
				CLANG_WARN_STRICT_PROTOTYPES = YES;
				CLANG_WARN_SUSPICIOUS_MOVE = YES;
				CLANG_WARN_UNGUARDED_AVAILABILITY = YES_AGGRESSIVE;
				CLANG_WARN_UNREACHABLE_CODE = YES;
				CLANG_WARN__DUPLICATE_METHOD_MATCH = YES;
				CODE_SIGN_IDENTITY = "iPhone Developer";
				COPY_PHASE_STRIP = NO;
				DEBUG_INFORMATION_FORMAT = "dwarf-with-dsym";
				ENABLE_NS_ASSERTIONS = NO;
				ENABLE_STRICT_OBJC_MSGSEND = YES;
				GCC_C_LANGUAGE_STANDARD = gnu11;
				GCC_NO_COMMON_BLOCKS = YES;
				GCC_WARN_64_TO_32_BIT_CONVERSION = YES;
				GCC_WARN_ABOUT_RETURN_TYPE = YES_ERROR;
				GCC_WARN_UNDECLARED_SELECTOR = YES;
				GCC_WARN_UNINITIALIZED_AUTOS = YES_AGGRESSIVE;
				GCC_WARN_UNUSED_FUNCTION = YES;
				GCC_WARN_UNUSED_VARIABLE = YES;
				IPHONEOS_DEPLOYMENT_TARGET = 11.2;
				MTL_ENABLE_DEBUG_INFO = NO;
				SDKROOT = iphoneos;
				VALIDATE_PRODUCT = YES;
			};
			name = Release;
		};
		E9D7BF4B2047F1C700C9A766 /* Debug */ = {
			isa = XCBuildConfiguration;
			buildSettings = {
				ASSETCATALOG_COMPILER_APPICON_NAME = AppIcon;
				CODE_SIGN_STYLE = Manual;
				DEVELOPMENT_TEAM = H4EJ4887K6;
				INFOPLIST_FILE = "DDCodeSplitInputView-Demo/Info.plist";
				IPHONEOS_DEPLOYMENT_TARGET = 9.0;
				LD_RUNPATH_SEARCH_PATHS = "$(inherited) @executable_path/Frameworks";
				PRODUCT_BUNDLE_IDENTIFIER = "com.bingfan.DDCodeSplitInputView-Demo";
				PRODUCT_NAME = "$(TARGET_NAME)";
				PROVISIONING_PROFILE = "4c0d7900-c0b6-489d-997b-0b08b89f9a57";
				PROVISIONING_PROFILE_SPECIFIER = AllDevelopment;
				TARGETED_DEVICE_FAMILY = "1,2";
			};
			name = Debug;
		};
		E9D7BF4C2047F1C700C9A766 /* Release */ = {
			isa = XCBuildConfiguration;
			buildSettings = {
				ASSETCATALOG_COMPILER_APPICON_NAME = AppIcon;
				CODE_SIGN_STYLE = Manual;
				DEVELOPMENT_TEAM = "";
				INFOPLIST_FILE = "DDCodeSplitInputView-Demo/Info.plist";
				IPHONEOS_DEPLOYMENT_TARGET = 9.0;
				LD_RUNPATH_SEARCH_PATHS = "$(inherited) @executable_path/Frameworks";
				PRODUCT_BUNDLE_IDENTIFIER = "com.bingfan.DDCodeSplitInputView-Demo";
				PRODUCT_NAME = "$(TARGET_NAME)";
				PROVISIONING_PROFILE_SPECIFIER = "";
				TARGETED_DEVICE_FAMILY = "1,2";
			};
			name = Release;
		};
/* End XCBuildConfiguration section */

/* Begin XCConfigurationList section */
		E9D7BF2F2047F1C700C9A766 /* Build configuration list for PBXProject "DDCodeSplitInputView-Demo" */ = {
			isa = XCConfigurationList;
			buildConfigurations = (
				E9D7BF482047F1C700C9A766 /* Debug */,
				E9D7BF492047F1C700C9A766 /* Release */,
			);
			defaultConfigurationIsVisible = 0;
			defaultConfigurationName = Release;
		};
		E9D7BF4A2047F1C700C9A766 /* Build configuration list for PBXNativeTarget "DDCodeSplitInputView-Demo" */ = {
			isa = XCConfigurationList;
			buildConfigurations = (
				E9D7BF4B2047F1C700C9A766 /* Debug */,
				E9D7BF4C2047F1C700C9A766 /* Release */,
			);
			defaultConfigurationIsVisible = 0;
			defaultConfigurationName = Release;
		};
/* End XCConfigurationList section */
	};
	rootObject = E9D7BF2C2047F1C700C9A766 /* Project object */;
}
